<?xml version="1.0" encoding="UTF-8"?>
<Scheme
   version = "1.3">
   <BuildAction>
      <BuildActionEntries>
         <BuildActionEntry
            buildForRunning = "YES">
            <BuildableReference
               BuildableIdentifier = "primary"
               BlueprintIdentifier = "F189B2ED14A4231B0051D2F0"
               BuildableName = "guWhiteboardMonitor"
               BlueprintName = "guWhiteboardMonitor"
               ReferencedContainer = "container:guWhiteboardMonitor.xcodeproj">
            </BuildableReference>
         </BuildActionEntry>
      </BuildActionEntries>
   </BuildAction>
   <LaunchAction
      useCustomWorkingDirectory = "NO"
      buildConfiguration = "Debug">
      <BuildableProductRunnable>
         <BuildableReference
            BuildableIdentifier = "primary"
            BlueprintIdentifier = "F189B2ED14A4231B0051D2F0"
            BuildableName = "guWhiteboardMonitor"
            BlueprintName = "guWhiteboardMonitor"
            ReferencedContainer = "container:guWhiteboardMonitor.xcodeproj">
         </BuildableReference>
      </BuildableProductRunnable>
   </LaunchAction>
</Scheme>
